
Microsoft Visual Studio Solution File, Format Version 12.00
# Visual Studio Version 17
VisualStudioVersion = 17.6.33815.320
MinimumVisualStudioVersion = 10.0.40219.1
Project("{FAE04EC0-301F-11D3-BF4B-00C04F79EFBC}") = "TaskManagement", "TaskManagement\TaskManagement.csproj", "{B41326AD-4D44-4A78-934C-235B22FE087A}"
EndProject
Global
	GlobalSection(SolutionConfigurationPlatforms) = preSolution
		Debug|Any CPU = Debug|Any CPU
		Release|Any CPU = Release|Any CPU
	EndGlobalSection
	GlobalSection(ProjectConfigurationPlatforms) = postSolution
		{B41326AD-4D44-4A78-934C-235B22FE087A}.Debug|Any CPU.ActiveCfg = Debug|Any CPU
		{B41326AD-4D44-4A78-934C-235B22FE087A}.Debug|Any CPU.Build.0 = Debug|Any CPU
		{B41326AD-4D44-4A78-934C-235B22FE087A}.Release|Any CPU.ActiveCfg = Release|Any CPU
		{B41326AD-4D44-4A78-934C-235B22FE087A}.Release|Any CPU.Build.0 = Release|Any CPU
	EndGlobalSection
	GlobalSection(SolutionProperties) = preSolution
		HideSolutionNode = FALSE
	EndGlobalSection
	GlobalSection(ExtensibilityGlobals) = postSolution
		SolutionGuid = {DB73C0FD-BC27-4947-8DF1-320E13B12DDD}
	EndGlobalSection
EndGlobal
